
Microsoft Visual Studio Solution File, Format Version 12.00
# Visual Studio Version 16
VisualStudioVersion = 16.0.31624.102
MinimumVisualStudioVersion = 10.0.40219.1
Project("{9A19103F-16F7-4668-BE54-9A1E7A4F7556}") = "MusicEvents", "MusicEvents\MusicEvents.csproj", "{73159D6B-7C0D-40FD-B0D7-555B8BFF6124}"
EndProject
Project("{9A19103F-16F7-4668-BE54-9A1E7A4F7556}") = "Models", "Models\Models.csproj", "{11ECBE01-2624-48E8-8F6E-915CE887737D}"
EndProject
Project("{9A19103F-16F7-4668-BE54-9A1E7A4F7556}") = "DAL", "DAL\DAL.csproj", "{6F47C4F3-083A-4FE4-81B9-16D5F142D755}"
EndProject
Project("{9A19103F-16F7-4668-BE54-9A1E7A4F7556}") = "SongkickApi", "SongkickApi\SongkickApi.csproj", "{198B8EFB-E5A7-4FBA-AD7C-AA19D79D64D3}"
EndProject
Project("{9A19103F-16F7-4668-BE54-9A1E7A4F7556}") = "Core", "Core\Core.csproj", "{12A23C88-CF89-475D-B8C1-E4C677918E0A}"
EndProject
Project("{FAE04EC0-301F-11D3-BF4B-00C04F79EFBC}") = "SpotifyApi", "SpotifyApi\SpotifyApi.csproj", "{6F35F271-112F-42BE-A84A-756F53088876}"
EndProject
Global
	GlobalSection(SolutionConfigurationPlatforms) = preSolution
		Debug|Any CPU = Debug|Any CPU
		Release|Any CPU = Release|Any CPU
	EndGlobalSection
	GlobalSection(ProjectConfigurationPlatforms) = postSolution
		{73159D6B-7C0D-40FD-B0D7-555B8BFF6124}.Debug|Any CPU.ActiveCfg = Debug|Any CPU
		{73159D6B-7C0D-40FD-B0D7-555B8BFF6124}.Debug|Any CPU.Build.0 = Debug|Any CPU
		{73159D6B-7C0D-40FD-B0D7-555B8BFF6124}.Release|Any CPU.ActiveCfg = Release|Any CPU
		{73159D6B-7C0D-40FD-B0D7-555B8BFF6124}.Release|Any CPU.Build.0 = Release|Any CPU
		{11ECBE01-2624-48E8-8F6E-915CE887737D}.Debug|Any CPU.ActiveCfg = Debug|Any CPU
		{11ECBE01-2624-48E8-8F6E-915CE887737D}.Debug|Any CPU.Build.0 = Debug|Any CPU
		{11ECBE01-2624-48E8-8F6E-915CE887737D}.Release|Any CPU.ActiveCfg = Release|Any CPU
		{11ECBE01-2624-48E8-8F6E-915CE887737D}.Release|Any CPU.Build.0 = Release|Any CPU
		{6F47C4F3-083A-4FE4-81B9-16D5F142D755}.Debug|Any CPU.ActiveCfg = Debug|Any CPU
		{6F47C4F3-083A-4FE4-81B9-16D5F142D755}.Debug|Any CPU.Build.0 = Debug|Any CPU
		{6F47C4F3-083A-4FE4-81B9-16D5F142D755}.Release|Any CPU.ActiveCfg = Release|Any CPU
		{6F47C4F3-083A-4FE4-81B9-16D5F142D755}.Release|Any CPU.Build.0 = Release|Any CPU
		{198B8EFB-E5A7-4FBA-AD7C-AA19D79D64D3}.Debug|Any CPU.ActiveCfg = Debug|Any CPU
		{198B8EFB-E5A7-4FBA-AD7C-AA19D79D64D3}.Debug|Any CPU.Build.0 = Debug|Any CPU
		{198B8EFB-E5A7-4FBA-AD7C-AA19D79D64D3}.Release|Any CPU.ActiveCfg = Release|Any CPU
		{198B8EFB-E5A7-4FBA-AD7C-AA19D79D64D3}.Release|Any CPU.Build.0 = Release|Any CPU
		{12A23C88-CF89-475D-B8C1-E4C677918E0A}.Debug|Any CPU.ActiveCfg = Debug|Any CPU
		{12A23C88-CF89-475D-B8C1-E4C677918E0A}.Debug|Any CPU.Build.0 = Debug|Any CPU
		{12A23C88-CF89-475D-B8C1-E4C677918E0A}.Release|Any CPU.ActiveCfg = Release|Any CPU
		{12A23C88-CF89-475D-B8C1-E4C677918E0A}.Release|Any CPU.Build.0 = Release|Any CPU
		{6F35F271-112F-42BE-A84A-756F53088876}.Debug|Any CPU.ActiveCfg = Debug|Any CPU
		{6F35F271-112F-42BE-A84A-756F53088876}.Debug|Any CPU.Build.0 = Debug|Any CPU
		{6F35F271-112F-42BE-A84A-756F53088876}.Release|Any CPU.ActiveCfg = Release|Any CPU
		{6F35F271-112F-42BE-A84A-756F53088876}.Release|Any CPU.Build.0 = Release|Any CPU
	EndGlobalSection
	GlobalSection(SolutionProperties) = preSolution
		HideSolutionNode = FALSE
	EndGlobalSection
	GlobalSection(ExtensibilityGlobals) = postSolution
		SolutionGuid = {314CB81C-075D-48D9-831E-059CCE1ED3B2}
	EndGlobalSection
EndGlobal
